{
  "pins" : [
    {
      "identity" : "xcstrings-tool-plugin",
      "kind" : "remoteSourceControl",
      "location" : "https://github.com/liamnichols/xcstrings-tool-plugin",
      "state" : {
        "revision" : "90eb3bd0e3ccf89f13ac01c6cac85b0ac04d7831",
        "version" : "0.1.2"
      }
    }
  ],
  "version" : 2
}
