// !$*UTF8*$!
{
	archiveVersion = 1;
	classes = {
	};
	objectVersion = 56;
	objects = {

/* Begin PBXBuildFile section */
		5389B60D2AC0B14500311E68 /* App.swift in Sources */ = {isa = PBXBuildFile; fileRef = 5389B60C2AC0B14500311E68 /* App.swift */; };
		5389B60F2AC0B14500311E68 /* ContentView.swift in Sources */ = {isa = PBXBuildFile; fileRef = 5389B60E2AC0B14500311E68 /* ContentView.swift */; };
		5389B6112AC0B14600311E68 /* Assets.xcassets in Resources */ = {isa = PBXBuildFile; fileRef = 5389B6102AC0B14600311E68 /* Assets.xcassets */; };
		5389B6142AC0B14600311E68 /* Preview Assets.xcassets in Resources */ = {isa = PBXBuildFile; fileRef = 5389B6132AC0B14600311E68 /* Preview Assets.xcassets */; };
		5389B6212AC0B54D00311E68 /* DogKit in Frameworks */ = {isa = PBXBuildFile; productRef = 5389B6202AC0B54D00311E68 /* DogKit */; };
		5389B6232AC0B59C00311E68 /* DogView.swift in Sources */ = {isa = PBXBuildFile; fileRef = 5389B6222AC0B59C00311E68 /* DogView.swift */; };
		5389B6252AC0B8C300311E68 /* AddDogView.swift in Sources */ = {isa = PBXBuildFile; fileRef = 5389B6242AC0B8C300311E68 /* AddDogView.swift */; };
		5389B6302AC0D82700311E68 /* Localizable.xcstrings in Resources */ = {isa = PBXBuildFile; fileRef = 5389B62F2AC0D82700311E68 /* Localizable.xcstrings */; };
		53E68D202D9D0DCC0022B5E5 /* Legacy.strings in Resources */ = {isa = PBXBuildFile; fileRef = 53E68D1F2D9D0DCC0022B5E5 /* Legacy.strings */; };
/* End PBXBuildFile section */

/* Begin PBXFileReference section */
		5389B6092AC0B14500311E68 /* DogTracker.app */ = {isa = PBXFileReference; explicitFileType = wrapper.application; includeInIndex = 0; path = DogTracker.app; sourceTree = BUILT_PRODUCTS_DIR; };
		5389B60C2AC0B14500311E68 /* App.swift */ = {isa = PBXFileReference; lastKnownFileType = sourcecode.swift; path = App.swift; sourceTree = "<group>"; };
		5389B60E2AC0B14500311E68 /* ContentView.swift */ = {isa = PBXFileReference; lastKnownFileType = sourcecode.swift; path = ContentView.swift; sourceTree = "<group>"; };
		5389B6102AC0B14600311E68 /* Assets.xcassets */ = {isa = PBXFileReference; lastKnownFileType = folder.assetcatalog; path = Assets.xcassets; sourceTree = "<group>"; };
		5389B6132AC0B14600311E68 /* Preview Assets.xcassets */ = {isa = PBXFileReference; lastKnownFileType = folder.assetcatalog; path = "Preview Assets.xcassets"; sourceTree = "<group>"; };
		5389B6222AC0B59C00311E68 /* DogView.swift */ = {isa = PBXFileReference; lastKnownFileType = sourcecode.swift; path = DogView.swift; sourceTree = "<group>"; };
		5389B6242AC0B8C300311E68 /* AddDogView.swift */ = {isa = PBXFileReference; lastKnownFileType = sourcecode.swift; path = AddDogView.swift; sourceTree = "<group>"; };
		5389B62F2AC0D82700311E68 /* Localizable.xcstrings */ = {isa = PBXFileReference; indentWidth = 2; lastKnownFileType = text.json.xcstrings; path = Localizable.xcstrings; sourceTree = "<group>"; tabWidth = 2; };
		5389B63D2AC2128A00311E68 /* DogKit */ = {isa = PBXFileReference; lastKnownFileType = wrapper; path = DogKit; sourceTree = "<group>"; };
		5389B6422AC21D2400311E68 /* README.md */ = {isa = PBXFileReference; lastKnownFileType = net.daringfireball.markdown; path = README.md; sourceTree = "<group>"; };
		53E68D1E2D9D0DCC0022B5E5 /* fr */ = {isa = PBXFileReference; lastKnownFileType = text.plist.strings; name = fr; path = fr.lproj/Legacy.strings; sourceTree = "<group>"; };
		53E68D252D9D0E020022B5E5 /* en */ = {isa = PBXFileReference; lastKnownFileType = text.plist.strings; name = en; path = en.lproj/Legacy.strings; sourceTree = "<group>"; };
/* End PBXFileReference section */

/* Begin PBXFrameworksBuildPhase section */
		5389B6062AC0B14500311E68 /* Frameworks */ = {
			isa = PBXFrameworksBuildPhase;
			buildActionMask = 2147483647;
			files = (
				5389B6212AC0B54D00311E68 /* DogKit in Frameworks */,
			);
			runOnlyForDeploymentPostprocessing = 0;
		};
/* End PBXFrameworksBuildPhase section */

/* Begin PBXGroup section */
		5389B6002AC0B14500311E68 = {
			isa = PBXGroup;
			children = (
				5389B6422AC21D2400311E68 /* README.md */,
				5389B63D2AC2128A00311E68 /* DogKit */,
				5389B60B2AC0B14500311E68 /* DogTracker */,
				5389B60A2AC0B14500311E68 /* Products */,
				5389B61F2AC0B54D00311E68 /* Frameworks */,
			);
			sourceTree = "<group>";
		};
		5389B60A2AC0B14500311E68 /* Products */ = {
			isa = PBXGroup;
			children = (
				5389B6092AC0B14500311E68 /* DogTracker.app */,
			);
			name = Products;
			sourceTree = "<group>";
		};
		5389B60B2AC0B14500311E68 /* DogTracker */ = {
			isa = PBXGroup;
			children = (
				5389B60C2AC0B14500311E68 /* App.swift */,
				5389B60E2AC0B14500311E68 /* ContentView.swift */,
				5389B6242AC0B8C300311E68 /* AddDogView.swift */,
				5389B6222AC0B59C00311E68 /* DogView.swift */,
				53E68D1F2D9D0DCC0022B5E5 /* Legacy.strings */,
				5389B62F2AC0D82700311E68 /* Localizable.xcstrings */,
				5389B6102AC0B14600311E68 /* Assets.xcassets */,
				5389B6122AC0B14600311E68 /* Preview Content */,
			);
			path = DogTracker;
			sourceTree = "<group>";
		};
		5389B6122AC0B14600311E68 /* Preview Content */ = {
			isa = PBXGroup;
			children = (
				5389B6132AC0B14600311E68 /* Preview Assets.xcassets */,
			);
			path = "Preview Content";
			sourceTree = "<group>";
		};
		5389B61F2AC0B54D00311E68 /* Frameworks */ = {
			isa = PBXGroup;
			children = (
			);
			name = Frameworks;
			sourceTree = "<group>";
		};
/* End PBXGroup section */

/* Begin PBXNativeTarget section */
		5389B6082AC0B14500311E68 /* DogTracker */ = {
			isa = PBXNativeTarget;
			buildConfigurationList = 5389B6172AC0B14600311E68 /* Build configuration list for PBXNativeTarget "DogTracker" */;
			buildPhases = (
				5389B6052AC0B14500311E68 /* Sources */,
				5389B6062AC0B14500311E68 /* Frameworks */,
				5389B6072AC0B14500311E68 /* Resources */,
			);
			buildRules = (
			);
			dependencies = (
				53F50D612C065AF0009E3518 /* PBXTargetDependency */,
			);
			name = DogTracker;
			packageProductDependencies = (
				5389B6202AC0B54D00311E68 /* DogKit */,
			);
			productName = DogTracker;
			productReference = 5389B6092AC0B14500311E68 /* DogTracker.app */;
			productType = "com.apple.product-type.application";
		};
/* End PBXNativeTarget section */

/* Begin PBXProject section */
		5389B6012AC0B14500311E68 /* Project object */ = {
			isa = PBXProject;
			attributes = {
				BuildIndependentTargetsInParallel = 1;
				LastSwiftUpdateCheck = 1500;
				LastUpgradeCheck = 1500;
				TargetAttributes = {
					5389B6082AC0B14500311E68 = {
						CreatedOnToolsVersion = 15.0;
					};
				};
			};
			buildConfigurationList = 5389B6042AC0B14500311E68 /* Build configuration list for PBXProject "DogTracker" */;
			compatibilityVersion = "Xcode 14.0";
			developmentRegion = en;
			hasScannedForEncodings = 0;
			knownRegions = (
				en,
				Base,
				fr,
			);
			mainGroup = 5389B6002AC0B14500311E68;
			packageReferences = (
				5389BEC52AC6304300311E68 /* XCRemoteSwiftPackageReference "xcstrings-tool-plugin" */,
			);
			productRefGroup = 5389B60A2AC0B14500311E68 /* Products */;
			projectDirPath = "";
			projectRoot = "";
			targets = (
				5389B6082AC0B14500311E68 /* DogTracker */,
			);
		};
/* End PBXProject section */

/* Begin PBXResourcesBuildPhase section */
		5389B6072AC0B14500311E68 /* Resources */ = {
			isa = PBXResourcesBuildPhase;
			buildActionMask = 2147483647;
			files = (
				5389B6142AC0B14600311E68 /* Preview Assets.xcassets in Resources */,
				53E68D202D9D0DCC0022B5E5 /* Legacy.strings in Resources */,
				5389B6112AC0B14600311E68 /* Assets.xcassets in Resources */,
				5389B6302AC0D82700311E68 /* Localizable.xcstrings in Resources */,
			);
			runOnlyForDeploymentPostprocessing = 0;
		};
/* End PBXResourcesBuildPhase section */

/* Begin PBXSourcesBuildPhase section */
		5389B6052AC0B14500311E68 /* Sources */ = {
			isa = PBXSourcesBuildPhase;
			buildActionMask = 2147483647;
			files = (
				5389B60F2AC0B14500311E68 /* ContentView.swift in Sources */,
				5389B6252AC0B8C300311E68 /* AddDogView.swift in Sources */,
				5389B6232AC0B59C00311E68 /* DogView.swift in Sources */,
				5389B60D2AC0B14500311E68 /* App.swift in Sources */,
			);
			runOnlyForDeploymentPostprocessing = 0;
		};
/* End PBXSourcesBuildPhase section */

/* Begin PBXTargetDependency section */
		53E68D122D9D0BAF0022B5E5 /* PBXTargetDependency */ = {
			isa = PBXTargetDependency;
			productRef = 53E68D112D9D0BAF0022B5E5 /* XCStringsToolPlugin */;
		};
/* End PBXTargetDependency section */

/* Begin PBXVariantGroup section */
		53E68D1F2D9D0DCC0022B5E5 /* Legacy.strings */ = {
			isa = PBXVariantGroup;
			children = (
				53E68D1E2D9D0DCC0022B5E5 /* fr */,
				53E68D252D9D0E020022B5E5 /* en */,
			);
			name = Legacy.strings;
			sourceTree = "<group>";
		};
/* End PBXVariantGroup section */

/* Begin XCBuildConfiguration section */
		5389B6152AC0B14600311E68 /* Debug */ = {
			isa = XCBuildConfiguration;
			buildSettings = {
				ALWAYS_SEARCH_USER_PATHS = NO;
				ASSETCATALOG_COMPILER_GENERATE_SWIFT_ASSET_SYMBOL_EXTENSIONS = YES;
				CLANG_ANALYZER_NONNULL = YES;
				CLANG_ANALYZER_NUMBER_OBJECT_CONVERSION = YES_AGGRESSIVE;
				CLANG_CXX_LANGUAGE_STANDARD = "gnu++20";
				CLANG_ENABLE_MODULES = YES;
				CLANG_ENABLE_OBJC_ARC = YES;
				CLANG_ENABLE_OBJC_WEAK = YES;
				CLANG_WARN_BLOCK_CAPTURE_AUTORELEASING = YES;
				CLANG_WARN_BOOL_CONVERSION = YES;
				CLANG_WARN_COMMA = YES;
				CLANG_WARN_CONSTANT_CONVERSION = YES;
				CLANG_WARN_DEPRECATED_OBJC_IMPLEMENTATIONS = YES;
				CLANG_WARN_DIRECT_OBJC_ISA_USAGE = YES_ERROR;
				CLANG_WARN_DOCUMENTATION_COMMENTS = YES;
				CLANG_WARN_EMPTY_BODY = YES;
				CLANG_WARN_ENUM_CONVERSION = YES;
				CLANG_WARN_INFINITE_RECURSION = YES;
				CLANG_WARN_INT_CONVERSION = YES;
				CLANG_WARN_NON_LITERAL_NULL_CONVERSION = YES;
				CLANG_WARN_OBJC_IMPLICIT_RETAIN_SELF = YES;
				CLANG_WARN_OBJC_LITERAL_CONVERSION = YES;
				CLANG_WARN_OBJC_ROOT_CLASS = YES_ERROR;
				CLANG_WARN_QUOTED_INCLUDE_IN_FRAMEWORK_HEADER = YES;
				CLANG_WARN_RANGE_LOOP_ANALYSIS = YES;
				CLANG_WARN_STRICT_PROTOTYPES = YES;
				CLANG_WARN_SUSPICIOUS_MOVE = YES;
				CLANG_WARN_UNGUARDED_AVAILABILITY = YES_AGGRESSIVE;
				CLANG_WARN_UNREACHABLE_CODE = YES;
				CLANG_WARN__DUPLICATE_METHOD_MATCH = YES;
				COPY_PHASE_STRIP = NO;
				DEBUG_INFORMATION_FORMAT = dwarf;
				ENABLE_STRICT_OBJC_MSGSEND = YES;
				ENABLE_TESTABILITY = YES;
				ENABLE_USER_SCRIPT_SANDBOXING = YES;
				GCC_C_LANGUAGE_STANDARD = gnu17;
				GCC_DYNAMIC_NO_PIC = NO;
				GCC_NO_COMMON_BLOCKS = YES;
				GCC_OPTIMIZATION_LEVEL = 0;
				GCC_PREPROCESSOR_DEFINITIONS = (
					"DEBUG=1",
					"$(inherited)",
				);
				GCC_WARN_64_TO_32_BIT_CONVERSION = YES;
				GCC_WARN_ABOUT_RETURN_TYPE = YES_ERROR;
				GCC_WARN_UNDECLARED_SELECTOR = YES;
				GCC_WARN_UNINITIALIZED_AUTOS = YES_AGGRESSIVE;
				GCC_WARN_UNUSED_FUNCTION = YES;
				GCC_WARN_UNUSED_VARIABLE = YES;
				IPHONEOS_DEPLOYMENT_TARGET = 17.0;
				LOCALIZATION_PREFERS_STRING_CATALOGS = YES;
				MTL_ENABLE_DEBUG_INFO = INCLUDE_SOURCE;
				MTL_FAST_MATH = YES;
				ONLY_ACTIVE_ARCH = YES;
				SDKROOT = iphoneos;
				SWIFT_ACTIVE_COMPILATION_CONDITIONS = "DEBUG $(inherited)";
				SWIFT_OPTIMIZATION_LEVEL = "-Onone";
			};
			name = Debug;
		};
		5389B6162AC0B14600311E68 /* Release */ = {
			isa = XCBuildConfiguration;
			buildSettings = {
				ALWAYS_SEARCH_USER_PATHS = NO;
				ASSETCATALOG_COMPILER_GENERATE_SWIFT_ASSET_SYMBOL_EXTENSIONS = YES;
				CLANG_ANALYZER_NONNULL = YES;
				CLANG_ANALYZER_NUMBER_OBJECT_CONVERSION = YES_AGGRESSIVE;
				CLANG_CXX_LANGUAGE_STANDARD = "gnu++20";
				CLANG_ENABLE_MODULES = YES;
				CLANG_ENABLE_OBJC_ARC = YES;
				CLANG_ENABLE_OBJC_WEAK = YES;
				CLANG_WARN_BLOCK_CAPTURE_AUTORELEASING = YES;
				CLANG_WARN_BOOL_CONVERSION = YES;
				CLANG_WARN_COMMA = YES;
				CLANG_WARN_CONSTANT_CONVERSION = YES;
				CLANG_WARN_DEPRECATED_OBJC_IMPLEMENTATIONS = YES;
				CLANG_WARN_DIRECT_OBJC_ISA_USAGE = YES_ERROR;
				CLANG_WARN_DOCUMENTATION_COMMENTS = YES;
				CLANG_WARN_EMPTY_BODY = YES;
				CLANG_WARN_ENUM_CONVERSION = YES;
				CLANG_WARN_INFINITE_RECURSION = YES;
				CLANG_WARN_INT_CONVERSION = YES;
				CLANG_WARN_NON_LITERAL_NULL_CONVERSION = YES;
				CLANG_WARN_OBJC_IMPLICIT_RETAIN_SELF = YES;
				CLANG_WARN_OBJC_LITERAL_CONVERSION = YES;
				CLANG_WARN_OBJC_ROOT_CLASS = YES_ERROR;
				CLANG_WARN_QUOTED_INCLUDE_IN_FRAMEWORK_HEADER = YES;
				CLANG_WARN_RANGE_LOOP_ANALYSIS = YES;
				CLANG_WARN_STRICT_PROTOTYPES = YES;
				CLANG_WARN_SUSPICIOUS_MOVE = YES;
				CLANG_WARN_UNGUARDED_AVAILABILITY = YES_AGGRESSIVE;
				CLANG_WARN_UNREACHABLE_CODE = YES;
				CLANG_WARN__DUPLICATE_METHOD_MATCH = YES;
				COPY_PHASE_STRIP = NO;
				DEBUG_INFORMATION_FORMAT = "dwarf-with-dsym";
				ENABLE_NS_ASSERTIONS = NO;
				ENABLE_STRICT_OBJC_MSGSEND = YES;
				ENABLE_USER_SCRIPT_SANDBOXING = YES;
				GCC_C_LANGUAGE_STANDARD = gnu17;
				GCC_NO_COMMON_BLOCKS = YES;
				GCC_WARN_64_TO_32_BIT_CONVERSION = YES;
				GCC_WARN_ABOUT_RETURN_TYPE = YES_ERROR;
				GCC_WARN_UNDECLARED_SELECTOR = YES;
				GCC_WARN_UNINITIALIZED_AUTOS = YES_AGGRESSIVE;
				GCC_WARN_UNUSED_FUNCTION = YES;
				GCC_WARN_UNUSED_VARIABLE = YES;
				IPHONEOS_DEPLOYMENT_TARGET = 17.0;
				LOCALIZATION_PREFERS_STRING_CATALOGS = YES;
				MTL_ENABLE_DEBUG_INFO = NO;
				MTL_FAST_MATH = YES;
				SDKROOT = iphoneos;
				SWIFT_COMPILATION_MODE = wholemodule;
				VALIDATE_PRODUCT = YES;
			};
			name = Release;
		};
		5389B6182AC0B14600311E68 /* Debug */ = {
			isa = XCBuildConfiguration;
			buildSettings = {
				ASSETCATALOG_COMPILER_APPICON_NAME = AppIcon;
				ASSETCATALOG_COMPILER_GLOBAL_ACCENT_COLOR_NAME = AccentColor;
				CODE_SIGN_STYLE = Automatic;
				CURRENT_PROJECT_VERSION = 1;
				DEVELOPMENT_ASSET_PATHS = "\"DogTracker/Preview Content\"";
				ENABLE_PREVIEWS = YES;
				GENERATE_INFOPLIST_FILE = YES;
				INFOPLIST_KEY_UIApplicationSceneManifest_Generation = YES;
				INFOPLIST_KEY_UIApplicationSupportsIndirectInputEvents = YES;
				INFOPLIST_KEY_UILaunchScreen_Generation = YES;
				INFOPLIST_KEY_UISupportedInterfaceOrientations_iPad = "UIInterfaceOrientationPortrait UIInterfaceOrientationPortraitUpsideDown UIInterfaceOrientationLandscapeLeft UIInterfaceOrientationLandscapeRight";
				INFOPLIST_KEY_UISupportedInterfaceOrientations_iPhone = "UIInterfaceOrientationPortrait UIInterfaceOrientationLandscapeLeft UIInterfaceOrientationLandscapeRight";
				LD_RUNPATH_SEARCH_PATHS = (
					"$(inherited)",
					"@executable_path/Frameworks",
				);
				LOCALIZED_STRING_SWIFTUI_SUPPORT = NO;
				MARKETING_VERSION = 1.0;
				PRODUCT_BUNDLE_IDENTIFIER = eu.liamnichols.DogTracker;
				PRODUCT_NAME = "$(TARGET_NAME)";
				SWIFT_EMIT_LOC_STRINGS = NO;
				SWIFT_VERSION = 5.0;
				TARGETED_DEVICE_FAMILY = "1,2";
			};
			name = Debug;
		};
		5389B6192AC0B14600311E68 /* Release */ = {
			isa = XCBuildConfiguration;
			buildSettings = {
				ASSETCATALOG_COMPILER_APPICON_NAME = AppIcon;
				ASSETCATALOG_COMPILER_GLOBAL_ACCENT_COLOR_NAME = AccentColor;
				CODE_SIGN_STYLE = Automatic;
				CURRENT_PROJECT_VERSION = 1;
				DEVELOPMENT_ASSET_PATHS = "\"DogTracker/Preview Content\"";
				ENABLE_PREVIEWS = YES;
				GENERATE_INFOPLIST_FILE = YES;
				INFOPLIST_KEY_UIApplicationSceneManifest_Generation = YES;
				INFOPLIST_KEY_UIApplicationSupportsIndirectInputEvents = YES;
				INFOPLIST_KEY_UILaunchScreen_Generation = YES;
				INFOPLIST_KEY_UISupportedInterfaceOrientations_iPad = "UIInterfaceOrientationPortrait UIInterfaceOrientationPortraitUpsideDown UIInterfaceOrientationLandscapeLeft UIInterfaceOrientationLandscapeRight";
				INFOPLIST_KEY_UISupportedInterfaceOrientations_iPhone = "UIInterfaceOrientationPortrait UIInterfaceOrientationLandscapeLeft UIInterfaceOrientationLandscapeRight";
				LD_RUNPATH_SEARCH_PATHS = (
					"$(inherited)",
					"@executable_path/Frameworks",
				);
				LOCALIZED_STRING_SWIFTUI_SUPPORT = NO;
				MARKETING_VERSION = 1.0;
				PRODUCT_BUNDLE_IDENTIFIER = eu.liamnichols.DogTracker;
				PRODUCT_NAME = "$(TARGET_NAME)";
				SWIFT_EMIT_LOC_STRINGS = NO;
				SWIFT_VERSION = 5.0;
				TARGETED_DEVICE_FAMILY = "1,2";
			};
			name = Release;
		};
/* End XCBuildConfiguration section */

/* Begin XCConfigurationList section */
		5389B6042AC0B14500311E68 /* Build configuration list for PBXProject "DogTracker" */ = {
			isa = XCConfigurationList;
			buildConfigurations = (
				5389B6152AC0B14600311E68 /* Debug */,
				5389B6162AC0B14600311E68 /* Release */,
			);
			defaultConfigurationIsVisible = 0;
			defaultConfigurationName = Release;
		};
		5389B6172AC0B14600311E68 /* Build configuration list for PBXNativeTarget "DogTracker" */ = {
			isa = XCConfigurationList;
			buildConfigurations = (
				5389B6182AC0B14600311E68 /* Debug */,
				5389B6192AC0B14600311E68 /* Release */,
			);
			defaultConfigurationIsVisible = 0;
			defaultConfigurationName = Release;
		};
/* End XCConfigurationList section */

/* Begin XCRemoteSwiftPackageReference section */
		5389BEC52AC6304300311E68 /* XCRemoteSwiftPackageReference "xcstrings-tool-plugin" */ = {
			isa = XCRemoteSwiftPackageReference;
			repositoryURL = "https://github.com/liamnichols/xcstrings-tool-plugin";
			requirement = {
				kind = upToNextMajorVersion;
				minimumVersion = 1.0.0;
			};
		};
/* End XCRemoteSwiftPackageReference section */

/* Begin XCSwiftPackageProductDependency section */
		5389B6202AC0B54D00311E68 /* DogKit */ = {
			isa = XCSwiftPackageProductDependency;
			productName = DogKit;
		};
		53F50D602C065AF0009E3518 /* XCStringsToolPlugin */ = {
			isa = XCSwiftPackageProductDependency;
			package = 5389BEC52AC6304300311E68 /* XCRemoteSwiftPackageReference "xcstrings-tool-plugin" */;
			productName = "plugin:XCStringsToolPlugin";
		};
/* End XCSwiftPackageProductDependency section */
	};
	rootObject = 5389B6012AC0B14500311E68 /* Project object */;
}
