{
  "pins" : [
    {
      "identity" : "xcstrings-tool-plugin",
      "kind" : "remoteSourceControl",
      "location" : "https://github.com/liamnichols/xcstrings-tool-plugin",
      "state" : {
        "revision" : "f6fcf5479f59e3c177af81a65eb37ed94a2ed22b",
        "version" : "0.4.2"
      }
    }
  ],
  "version" : 2
}
