{
  "pins" : [
    {
      "identity" : "xcstrings-tool-plugin",
      "kind" : "remoteSourceControl",
      "location" : "https://github.com/liamnichols/xcstrings-tool-plugin",
      "state" : {
        "revision" : "a281cf2c72e0e4d91c74bf467ef4e871d4f37751",
        "version" : "0.5.1"
      }
    }
  ],
  "version" : 2
}
